
Microsoft Visual Studio Solution File, Format Version 12.00
# Visual Studio 15
VisualStudioVersion = 15.0.27428.2002
MinimumVisualStudioVersion = 10.0.40219.1
Project("{FAE04EC0-301F-11D3-BF4B-00C04F79EFBC}") = "CSGOMusicController", "CSGOMusicController\CSGOMusicController.csproj", "{960CA710-58BB-46DB-950D-BFDE53477FEA}"
EndProject
Project("{54435603-DBB4-11D2-8724-00A0C9A8B90C}") = "Setup", "Setup\Setup.vdproj", "{9911F8C6-01E5-4D60-9A4C-E400793EF25C}"
EndProject
Global
	GlobalSection(SolutionConfigurationPlatforms) = preSolution
		Debug|Any CPU = Debug|Any CPU
		Debug|x86 = Debug|x86
		Release|Any CPU = Release|Any CPU
		Release|x86 = Release|x86
	EndGlobalSection
	GlobalSection(ProjectConfigurationPlatforms) = postSolution
		{960CA710-58BB-46DB-950D-BFDE53477FEA}.Debug|Any CPU.ActiveCfg = Debug|Any CPU
		{960CA710-58BB-46DB-950D-BFDE53477FEA}.Debug|Any CPU.Build.0 = Debug|Any CPU
		{960CA710-58BB-46DB-950D-BFDE53477FEA}.Debug|x86.ActiveCfg = Debug|Any CPU
		{960CA710-58BB-46DB-950D-BFDE53477FEA}.Debug|x86.Build.0 = Debug|Any CPU
		{960CA710-58BB-46DB-950D-BFDE53477FEA}.Release|Any CPU.ActiveCfg = Release|Any CPU
		{960CA710-58BB-46DB-950D-BFDE53477FEA}.Release|Any CPU.Build.0 = Release|Any CPU
		{960CA710-58BB-46DB-950D-BFDE53477FEA}.Release|x86.ActiveCfg = Release|Any CPU
		{960CA710-58BB-46DB-950D-BFDE53477FEA}.Release|x86.Build.0 = Release|Any CPU
		{9911F8C6-01E5-4D60-9A4C-E400793EF25C}.Debug|Any CPU.ActiveCfg = Debug
		{9911F8C6-01E5-4D60-9A4C-E400793EF25C}.Debug|x86.ActiveCfg = Debug
		{9911F8C6-01E5-4D60-9A4C-E400793EF25C}.Release|Any CPU.ActiveCfg = Release
		{9911F8C6-01E5-4D60-9A4C-E400793EF25C}.Release|x86.ActiveCfg = Release
	EndGlobalSection
	GlobalSection(SolutionProperties) = preSolution
		HideSolutionNode = FALSE
	EndGlobalSection
	GlobalSection(ExtensibilityGlobals) = postSolution
		SolutionGuid = {44B34F74-A945-439C-906A-054FAB8B1325}
	EndGlobalSection
EndGlobal
